
Microsoft Visual Studio Solution File, Format Version 12.00
# Visual Studio Version 17
VisualStudioVersion = 17.3.32804.467
MinimumVisualStudioVersion = 10.0.40219.1
Project("{2150E333-8FDC-42A3-9474-1A3956D46DE8}") = "BookingService", "BookingService", "{EE6AB1E7-EFD4-45DC-B770-DC1564A97646}"
EndProject
Project("{2150E333-8FDC-42A3-9474-1A3956D46DE8}") = "PaymentService", "PaymentService", "{6BA7AF33-EDB9-4710-A3F5-DBBA0B5C6170}"
EndProject
Project("{2150E333-8FDC-42A3-9474-1A3956D46DE8}") = "Core", "Core", "{A8946F01-2FB5-4166-A41B-33393042AEEE}"
EndProject
Project("{2150E333-8FDC-42A3-9474-1A3956D46DE8}") = "Application", "Application", "{79DF46CD-B4DF-469B-BC9C-025CB5996133}"
EndProject
Project("{2150E333-8FDC-42A3-9474-1A3956D46DE8}") = "Domain", "Domain", "{AD5E3656-6450-46B2-B823-9CC791A5D479}"
EndProject
Project("{2150E333-8FDC-42A3-9474-1A3956D46DE8}") = "Adapters", "Adapters", "{8DEF1166-0675-43EB-874B-66930DD09295}"
EndProject
Project("{2150E333-8FDC-42A3-9474-1A3956D46DE8}") = "Consumers", "Consumers", "{7DCD1DAB-F154-4061-B7AB-E9262A1DC916}"
EndProject
Project("{2150E333-8FDC-42A3-9474-1A3956D46DE8}") = "Testes", "Testes", "{00C89363-5BE7-4A4E-BD10-02DBBFFE32E5}"
EndProject
Project("{9A19103F-16F7-4668-BE54-9A1E7A4F7556}") = "Domain", "BookingService\Domain\Domain\Domain.csproj", "{56F0F671-3411-4144-89D2-084B0286E045}"
EndProject
Project("{9A19103F-16F7-4668-BE54-9A1E7A4F7556}") = "Application", "BookingService\Application\Application\Application.csproj", "{78344A98-FF77-4D27-A344-022E6A2715D8}"
EndProject
Project("{2150E333-8FDC-42A3-9474-1A3956D46DE8}") = "Adapters", "Adapters", "{923CAA96-1AAA-4EA5-A2E7-598348892C6E}"
EndProject
Project("{2150E333-8FDC-42A3-9474-1A3956D46DE8}") = "Application", "Application", "{793CE39D-30CA-455F-8654-597AA5A49BFE}"
EndProject
Project("{2150E333-8FDC-42A3-9474-1A3956D46DE8}") = "Domain", "Domain", "{9720B212-4FFA-4362-BA35-B8061FCC714F}"
EndProject
Project("{9A19103F-16F7-4668-BE54-9A1E7A4F7556}") = "DomainTests", "BookingService\Testes\Domain\DomainTests\DomainTests.csproj", "{AE6AA050-55F2-470F-A4E7-AED69B786FA6}"
EndProject
Project("{9A19103F-16F7-4668-BE54-9A1E7A4F7556}") = "ApplicationTests", "BookingService\Testes\Application\ApplicationTests\ApplicationTests.csproj", "{7E4A0E02-E784-41ED-A833-4ADDE2432C09}"
EndProject
Project("{9A19103F-16F7-4668-BE54-9A1E7A4F7556}") = "AdaptersTests", "BookingService\Testes\Adapters\AdapterTests\AdaptersTests.csproj", "{777ED68D-37C9-4D17-8C26-3DD503DBF262}"
EndProject
Project("{9A19103F-16F7-4668-BE54-9A1E7A4F7556}") = "API", "BookingService\Consumers\API\API.csproj", "{FB3D324F-0AF7-4AC5-8B31-88EFB31D34FC}"
EndProject
Project("{9A19103F-16F7-4668-BE54-9A1E7A4F7556}") = "Data", "BookingService\Adapters\Data\Data.csproj", "{1C353F7E-EC06-414B-947E-112111D2DAAB}"
EndProject
Project("{2150E333-8FDC-42A3-9474-1A3956D46DE8}") = "Core", "Core", "{CCE76673-99AA-4E4B-86F2-95E5E2ED48FB}"
EndProject
Project("{2150E333-8FDC-42A3-9474-1A3956D46DE8}") = "Application", "Application", "{9D8C6112-BEE3-41C9-BCB8-AE58719E8E58}"
EndProject
Project("{2150E333-8FDC-42A3-9474-1A3956D46DE8}") = "Domain", "Domain", "{0E14CC02-93DB-4740-BFCC-92658D45CE59}"
EndProject
Project("{9A19103F-16F7-4668-BE54-9A1E7A4F7556}") = "Payments.Application", "PaymentService\Core\Application\Application\Payments.Application.csproj", "{50E6B853-8980-4B49-B36B-6C914C01FF4C}"
EndProject
Global
	GlobalSection(SolutionConfigurationPlatforms) = preSolution
		Debug|Any CPU = Debug|Any CPU
		Release|Any CPU = Release|Any CPU
	EndGlobalSection
	GlobalSection(ProjectConfigurationPlatforms) = postSolution
		{56F0F671-3411-4144-89D2-084B0286E045}.Debug|Any CPU.ActiveCfg = Debug|Any CPU
		{56F0F671-3411-4144-89D2-084B0286E045}.Debug|Any CPU.Build.0 = Debug|Any CPU
		{56F0F671-3411-4144-89D2-084B0286E045}.Release|Any CPU.ActiveCfg = Release|Any CPU
		{56F0F671-3411-4144-89D2-084B0286E045}.Release|Any CPU.Build.0 = Release|Any CPU
		{78344A98-FF77-4D27-A344-022E6A2715D8}.Debug|Any CPU.ActiveCfg = Debug|Any CPU
		{78344A98-FF77-4D27-A344-022E6A2715D8}.Debug|Any CPU.Build.0 = Debug|Any CPU
		{78344A98-FF77-4D27-A344-022E6A2715D8}.Release|Any CPU.ActiveCfg = Release|Any CPU
		{78344A98-FF77-4D27-A344-022E6A2715D8}.Release|Any CPU.Build.0 = Release|Any CPU
		{AE6AA050-55F2-470F-A4E7-AED69B786FA6}.Debug|Any CPU.ActiveCfg = Debug|Any CPU
		{AE6AA050-55F2-470F-A4E7-AED69B786FA6}.Debug|Any CPU.Build.0 = Debug|Any CPU
		{AE6AA050-55F2-470F-A4E7-AED69B786FA6}.Release|Any CPU.ActiveCfg = Release|Any CPU
		{AE6AA050-55F2-470F-A4E7-AED69B786FA6}.Release|Any CPU.Build.0 = Release|Any CPU
		{7E4A0E02-E784-41ED-A833-4ADDE2432C09}.Debug|Any CPU.ActiveCfg = Debug|Any CPU
		{7E4A0E02-E784-41ED-A833-4ADDE2432C09}.Debug|Any CPU.Build.0 = Debug|Any CPU
		{7E4A0E02-E784-41ED-A833-4ADDE2432C09}.Release|Any CPU.ActiveCfg = Release|Any CPU
		{7E4A0E02-E784-41ED-A833-4ADDE2432C09}.Release|Any CPU.Build.0 = Release|Any CPU
		{777ED68D-37C9-4D17-8C26-3DD503DBF262}.Debug|Any CPU.ActiveCfg = Debug|Any CPU
		{777ED68D-37C9-4D17-8C26-3DD503DBF262}.Debug|Any CPU.Build.0 = Debug|Any CPU
		{777ED68D-37C9-4D17-8C26-3DD503DBF262}.Release|Any CPU.ActiveCfg = Release|Any CPU
		{777ED68D-37C9-4D17-8C26-3DD503DBF262}.Release|Any CPU.Build.0 = Release|Any CPU
		{FB3D324F-0AF7-4AC5-8B31-88EFB31D34FC}.Debug|Any CPU.ActiveCfg = Debug|Any CPU
		{FB3D324F-0AF7-4AC5-8B31-88EFB31D34FC}.Debug|Any CPU.Build.0 = Debug|Any CPU
		{FB3D324F-0AF7-4AC5-8B31-88EFB31D34FC}.Release|Any CPU.ActiveCfg = Release|Any CPU
		{FB3D324F-0AF7-4AC5-8B31-88EFB31D34FC}.Release|Any CPU.Build.0 = Release|Any CPU
		{1C353F7E-EC06-414B-947E-112111D2DAAB}.Debug|Any CPU.ActiveCfg = Debug|Any CPU
		{1C353F7E-EC06-414B-947E-112111D2DAAB}.Debug|Any CPU.Build.0 = Debug|Any CPU
		{1C353F7E-EC06-414B-947E-112111D2DAAB}.Release|Any CPU.ActiveCfg = Release|Any CPU
		{1C353F7E-EC06-414B-947E-112111D2DAAB}.Release|Any CPU.Build.0 = Release|Any CPU
		{50E6B853-8980-4B49-B36B-6C914C01FF4C}.Debug|Any CPU.ActiveCfg = Debug|Any CPU
		{50E6B853-8980-4B49-B36B-6C914C01FF4C}.Debug|Any CPU.Build.0 = Debug|Any CPU
		{50E6B853-8980-4B49-B36B-6C914C01FF4C}.Release|Any CPU.ActiveCfg = Release|Any CPU
		{50E6B853-8980-4B49-B36B-6C914C01FF4C}.Release|Any CPU.Build.0 = Release|Any CPU
	EndGlobalSection
	GlobalSection(SolutionProperties) = preSolution
		HideSolutionNode = FALSE
	EndGlobalSection
	GlobalSection(NestedProjects) = preSolution
		{A8946F01-2FB5-4166-A41B-33393042AEEE} = {EE6AB1E7-EFD4-45DC-B770-DC1564A97646}
		{79DF46CD-B4DF-469B-BC9C-025CB5996133} = {A8946F01-2FB5-4166-A41B-33393042AEEE}
		{AD5E3656-6450-46B2-B823-9CC791A5D479} = {A8946F01-2FB5-4166-A41B-33393042AEEE}
		{8DEF1166-0675-43EB-874B-66930DD09295} = {EE6AB1E7-EFD4-45DC-B770-DC1564A97646}
		{7DCD1DAB-F154-4061-B7AB-E9262A1DC916} = {EE6AB1E7-EFD4-45DC-B770-DC1564A97646}
		{00C89363-5BE7-4A4E-BD10-02DBBFFE32E5} = {EE6AB1E7-EFD4-45DC-B770-DC1564A97646}
		{56F0F671-3411-4144-89D2-084B0286E045} = {AD5E3656-6450-46B2-B823-9CC791A5D479}
		{78344A98-FF77-4D27-A344-022E6A2715D8} = {79DF46CD-B4DF-469B-BC9C-025CB5996133}
		{923CAA96-1AAA-4EA5-A2E7-598348892C6E} = {00C89363-5BE7-4A4E-BD10-02DBBFFE32E5}
		{793CE39D-30CA-455F-8654-597AA5A49BFE} = {00C89363-5BE7-4A4E-BD10-02DBBFFE32E5}
		{9720B212-4FFA-4362-BA35-B8061FCC714F} = {00C89363-5BE7-4A4E-BD10-02DBBFFE32E5}
		{AE6AA050-55F2-470F-A4E7-AED69B786FA6} = {9720B212-4FFA-4362-BA35-B8061FCC714F}
		{7E4A0E02-E784-41ED-A833-4ADDE2432C09} = {793CE39D-30CA-455F-8654-597AA5A49BFE}
		{777ED68D-37C9-4D17-8C26-3DD503DBF262} = {923CAA96-1AAA-4EA5-A2E7-598348892C6E}
		{FB3D324F-0AF7-4AC5-8B31-88EFB31D34FC} = {7DCD1DAB-F154-4061-B7AB-E9262A1DC916}
		{1C353F7E-EC06-414B-947E-112111D2DAAB} = {8DEF1166-0675-43EB-874B-66930DD09295}
		{CCE76673-99AA-4E4B-86F2-95E5E2ED48FB} = {6BA7AF33-EDB9-4710-A3F5-DBBA0B5C6170}
		{9D8C6112-BEE3-41C9-BCB8-AE58719E8E58} = {CCE76673-99AA-4E4B-86F2-95E5E2ED48FB}
		{0E14CC02-93DB-4740-BFCC-92658D45CE59} = {CCE76673-99AA-4E4B-86F2-95E5E2ED48FB}
		{50E6B853-8980-4B49-B36B-6C914C01FF4C} = {9D8C6112-BEE3-41C9-BCB8-AE58719E8E58}
	EndGlobalSection
	GlobalSection(ExtensibilityGlobals) = postSolution
		SolutionGuid = {95E65DA9-2381-443A-BBD4-B573054B6A3F}
	EndGlobalSection
EndGlobal
